
Microsoft Visual Studio Solution File, Format Version 12.00
# Visual Studio Version 17
VisualStudioVersion = 17.13.35913.81 d17.13
MinimumVisualStudioVersion = 10.0.40219.1
Project("{FAE04EC0-301F-11D3-BF4B-00C04F79EFBC}") = "ssprokofeva_dz", "ssprokofeva_dz\ssprokofeva_dz.csproj", "{EE9C4F14-A165-4DC6-9E7E-BC98E776E55C}"
EndProject
Global
	GlobalSection(SolutionConfigurationPlatforms) = preSolution
		Debug|Any CPU = Debug|Any CPU
		Release|Any CPU = Release|Any CPU
	EndGlobalSection
	GlobalSection(ProjectConfigurationPlatforms) = postSolution
		{EE9C4F14-A165-4DC6-9E7E-BC98E776E55C}.Debug|Any CPU.ActiveCfg = Debug|Any CPU
		{EE9C4F14-A165-4DC6-9E7E-BC98E776E55C}.Debug|Any CPU.Build.0 = Debug|Any CPU
		{EE9C4F14-A165-4DC6-9E7E-BC98E776E55C}.Release|Any CPU.ActiveCfg = Release|Any CPU
		{EE9C4F14-A165-4DC6-9E7E-BC98E776E55C}.Release|Any CPU.Build.0 = Release|Any CPU
	EndGlobalSection
	GlobalSection(SolutionProperties) = preSolution
		HideSolutionNode = FALSE
	EndGlobalSection
	GlobalSection(ExtensibilityGlobals) = postSolution
		SolutionGuid = {AF19CCC2-12E7-4547-865F-C7F5D86BFB8C}
	EndGlobalSection
EndGlobal
